{
  "lockfile_version": "1",
  "packages": {
    "gh@latest": {
      "last_modified": "2024-09-12T02:28:40Z",
      "resolved": "github:NixOS/nixpkgs/111ed8812c10d7dc3017de46cbf509600c93f551#gh",
      "source": "devbox-search",
      "version": "2.56.0",
      "systems": {
        "aarch64-darwin": {
          "outputs": [
            {
              "name": "out",
              "path": "/nix/store/ll7vikgbj7c45nb4p670sik2zcbmj06l-gh-2.56.0",
              "default": true
            }
          ],
          "store_path": "/nix/store/ll7vikgbj7c45nb4p670sik2zcbmj06l-gh-2.56.0"
        },
        "aarch64-linux": {
          "outputs": [
            {
              "name": "out",
              "path": "/nix/store/l73yj1r97zz02af5k002gwrkqf84n3jb-gh-2.56.0",
              "default": true
            }
          ],
          "store_path": "/nix/store/l73yj1r97zz02af5k002gwrkqf84n3jb-gh-2.56.0"
        },
        "x86_64-darwin": {
          "outputs": [
            {
              "name": "out",
              "path": "/nix/store/k3qn4z6kgyy0n84ja3xkxy4sss83ns3v-gh-2.56.0",
              "default": true
            }
          ],
          "store_path": "/nix/store/k3qn4z6kgyy0n84ja3xkxy4sss83ns3v-gh-2.56.0"
        },
        "x86_64-linux": {
          "outputs": [
            {
              "name": "out",
              "path": "/nix/store/kfivygps4wslcxrbq7v1jh7mm8478i89-gh-2.56.0",
              "default": true
            }
          ],
          "store_path": "/nix/store/kfivygps4wslcxrbq7v1jh7mm8478i89-gh-2.56.0"
        }
      }
    },
    "github:NixOS/nixpkgs/nixpkgs-unstable": {
      "last_modified": "2025-09-13T06:53:53Z",
      "resolved": "github:NixOS/nixpkgs/6d7ec06d6868ac6d94c371458fc2391ded9ff13d?lastModified=1757746433&narHash=sha256-fEvTiU4s9lWgW7mYEU%2F1QUPirgkn%2BodUBTaindgiziY%3D"
    },
    "go-task@latest": {
      "last_modified": "2024-09-12T11:58:09Z",
      "resolved": "github:NixOS/nixpkgs/280db3decab4cbeb22a4599bd472229ab74d25e1#go-task",
      "source": "devbox-search",
      "version": "3.38.0",
      "systems": {
        "aarch64-darwin": {
          "outputs": [
            {
              "name": "out",
              "path": "/nix/store/6fnjga1f6y9yw0xfa7bqq48mk4wnwj60-go-task-3.38.0",
              "default": true
            }
          ],
          "store_path": "/nix/store/6fnjga1f6y9yw0xfa7bqq48mk4wnwj60-go-task-3.38.0"
        },
        "aarch64-linux": {
          "outputs": [
            {
              "name": "out",
              "path": "/nix/store/y00rivpjziw0zpzacdxjmrs5i28d7grf-go-task-3.38.0",
              "default": true
            }
          ],
          "store_path": "/nix/store/y00rivpjziw0zpzacdxjmrs5i28d7grf-go-task-3.38.0"
        },
        "x86_64-darwin": {
          "outputs": [
            {
              "name": "out",
              "path": "/nix/store/kc0zm9kgsraznqyns5jqv0dixfgk6fm7-go-task-3.38.0",
              "default": true
            }
          ],
          "store_path": "/nix/store/kc0zm9kgsraznqyns5jqv0dixfgk6fm7-go-task-3.38.0"
        },
        "x86_64-linux": {
          "outputs": [
            {
              "name": "out",
              "path": "/nix/store/6fya93gcf8sla6npxp99rnbvyj6pmnr5-go-task-3.38.0",
              "default": true
            }
          ],
          "store_path": "/nix/store/6fya93gcf8sla6npxp99rnbvyj6pmnr5-go-task-3.38.0"
        }
      }
    },
    "go@latest": {
      "last_modified": "2024-09-12T11:58:09Z",
      "resolved": "github:NixOS/nixpkgs/280db3decab4cbeb22a4599bd472229ab74d25e1#go_1_23",
      "source": "devbox-search",
      "version": "1.23.1",
      "systems": {
        "aarch64-darwin": {
          "outputs": [
            {
              "name": "out",
              "path": "/nix/store/nvaay1c4banbccyvv6ba1gzyqpypjmfq-go-1.23.1",
              "default": true
            }
          ],
          "store_path": "/nix/store/nvaay1c4banbccyvv6ba1gzyqpypjmfq-go-1.23.1"
        },
        "aarch64-linux": {
          "outputs": [
            {
              "name": "out",
              "path": "/nix/store/9ylsay11jb3p6yarkmlz0fin76cdypwa-go-1.23.1",
              "default": true
            }
          ],
          "store_path": "/nix/store/9ylsay11jb3p6yarkmlz0fin76cdypwa-go-1.23.1"
        },
        "x86_64-darwin": {
          "outputs": [
            {
              "name": "out",
              "path": "/nix/store/zkg5xhyx2rs03dq0qp14nqlx9ff1y5c5-go-1.23.1",
              "default": true
            }
          ],
          "store_path": "/nix/store/zkg5xhyx2rs03dq0qp14nqlx9ff1y5c5-go-1.23.1"
        },
        "x86_64-linux": {
          "outputs": [
            {
              "name": "out",
              "path": "/nix/store/mi0ybwsm6pmxzv9hsm6bcbqaq1pkf8wh-go-1.23.1",
              "default": true
            }
          ],
          "store_path": "/nix/store/mi0ybwsm6pmxzv9hsm6bcbqaq1pkf8wh-go-1.23.1"
        }
      }
    },
    "gum@latest": {
      "last_modified": "2024-09-12T11:58:09Z",
      "resolved": "github:NixOS/nixpkgs/280db3decab4cbeb22a4599bd472229ab74d25e1#gum",
      "source": "devbox-search",
      "version": "0.14.5",
      "systems": {
        "aarch64-darwin": {
          "outputs": [
            {
              "name": "out",
              "path": "/nix/store/n1gqffrwdzr3vpsmwmwx3hmw814c1k6g-gum-0.14.5",
              "default": true
            }
          ],
          "store_path": "/nix/store/n1gqffrwdzr3vpsmwmwx3hmw814c1k6g-gum-0.14.5"
        },
        "aarch64-linux": {
          "outputs": [
            {
              "name": "out",
              "path": "/nix/store/ggp10jr3l6higs0gqibp6ypjlf7yakpc-gum-0.14.5",
              "default": true
            }
          ],
          "store_path": "/nix/store/ggp10jr3l6higs0gqibp6ypjlf7yakpc-gum-0.14.5"
        },
        "x86_64-darwin": {
          "outputs": [
            {
              "name": "out",
              "path": "/nix/store/jq8shghha81s1wg67fcjrfnf4hbliimn-gum-0.14.5",
              "default": true
            }
          ],
          "store_path": "/nix/store/jq8shghha81s1wg67fcjrfnf4hbliimn-gum-0.14.5"
        },
        "x86_64-linux": {
          "outputs": [
            {
              "name": "out",
              "path": "/nix/store/f199acwir08z47f3d5kf1fhmhajmd1ig-gum-0.14.5",
              "default": true
            }
          ],
          "store_path": "/nix/store/f199acwir08z47f3d5kf1fhmhajmd1ig-gum-0.14.5"
        }
      }
    },
    "jq@latest": {
      "last_modified": "2024-09-12T11:58:09Z",
      "resolved": "github:NixOS/nixpkgs/280db3decab4cbeb22a4599bd472229ab74d25e1#jq",
      "source": "devbox-search",
      "version": "1.7.1",
      "systems": {
        "aarch64-darwin": {
          "outputs": [
            {
              "name": "bin",
              "path": "/nix/store/9h78n0xjxgjmmb37bi8ca6wyikx357fn-jq-1.7.1-bin",
              "default": true
            },
            {
              "name": "man",
              "path": "/nix/store/gxakkni5fxplsxkhlpd1y39z848r9w1k-jq-1.7.1-man",
              "default": true
            },
            {
              "name": "lib",
              "path": "/nix/store/1xx96kscxipvqg02hg5zhkc3p6jg8dax-jq-1.7.1-lib"
            },
            {
              "name": "out",
              "path": "/nix/store/49pvp5zyzs3kqafdrvl5l8zrr5gxg2ha-jq-1.7.1"
            },
            {
              "name": "dev",
              "path": "/nix/store/87lmnqwvgrbr4mymv790ysnp1fp9dbvc-jq-1.7.1-dev"
            },
            {
              "name": "doc",
              "path": "/nix/store/dgrfyris3jajhimxw0p5qwpmdwsz0k6m-jq-1.7.1-doc"
            }
          ],
          "store_path": "/nix/store/9h78n0xjxgjmmb37bi8ca6wyikx357fn-jq-1.7.1-bin"
        },
        "aarch64-linux": {
          "outputs": [
            {
              "name": "bin",
              "path": "/nix/store/d53sa7n91q32bj4n3d8yfih66w0cnybk-jq-1.7.1-bin",
              "default": true
            },
            {
              "name": "man",
              "path": "/nix/store/m2q5jyh2ifvyy71054kvdq12bq1kny0q-jq-1.7.1-man",
              "default": true
            },
            {
              "name": "out",
              "path": "/nix/store/hsrxl3njwwhi8zcbdrradmzdhf8q8b2c-jq-1.7.1"
            },
            {
              "name": "dev",
              "path": "/nix/store/xwy0g4wfzibz2hv9gnrcmg4hncncg0gx-jq-1.7.1-dev"
            },
            {
              "name": "doc",
              "path": "/nix/store/3scw7wdaz3mnigbqpir7yd81lfx4vb4a-jq-1.7.1-doc"
            },
            {
              "name": "lib",
              "path": "/nix/store/ffrivwacr1y18qq3fyk5gqz4h99hncza-jq-1.7.1-lib"
            }
          ],
          "store_path": "/nix/store/d53sa7n91q32bj4n3d8yfih66w0cnybk-jq-1.7.1-bin"
        },
        "x86_64-darwin": {
          "outputs": [
            {
              "name": "bin",
              "path": "/nix/store/vprdq5a3dk284s7blbxgaciqn90j5vgy-jq-1.7.1-bin",
              "default": true
            },
            {
              "name": "man",
              "path": "/nix/store/b7g1b4d9bkrii1l08h7jm42m346rch3n-jq-1.7.1-man",
              "default": true
            },
            {
              "name": "dev",
              "path": "/nix/store/mz2z5g6xiji538wkxclm7hxjqcji8kj0-jq-1.7.1-dev"
            },
            {
              "name": "doc",
              "path": "/nix/store/71lp09p1kdcdhk4xvs97w31ik0sjjimr-jq-1.7.1-doc"
            },
            {
              "name": "lib",
              "path": "/nix/store/0lg1w92gx3aam7b1h311ssmjq63p3kd4-jq-1.7.1-lib"
            },
            {
              "name": "out",
              "path": "/nix/store/m8y9qhibbih84af3vqs4wl72k9dpyiyj-jq-1.7.1"
            }
          ],
          "store_path": "/nix/store/vprdq5a3dk284s7blbxgaciqn90j5vgy-jq-1.7.1-bin"
        },
        "x86_64-linux": {
          "outputs": [
            {
              "name": "bin",
              "path": "/nix/store/x8jzsy0y1zk30mcvav2rh6lrw1gbzzy3-jq-1.7.1-bin",
              "default": true
            },
            {
              "name": "man",
              "path": "/nix/store/0jpj9xq83imjwhldsrmiyn8pp8wjazp5-jq-1.7.1-man",
              "default": true
            },
            {
              "name": "dev",
              "path": "/nix/store/04ca5xwvasz6s3jg0k7njz6rzi0d225w-jq-1.7.1-dev"
            },
            {
              "name": "doc",
              "path": "/nix/store/yfc9bsy7n9k66238s3cy7vw3cw1l1ap8-jq-1.7.1-doc"
            },
            {
              "name": "lib",
              "path": "/nix/store/n2vk1zmfzy726amnpr96jibk4zaya6qq-jq-1.7.1-lib"
            },
            {
              "name": "out",
              "path": "/nix/store/7sy12xv4fwii421d920jxqx63c0ai3w3-jq-1.7.1"
            }
          ],
          "store_path": "/nix/store/x8jzsy0y1zk30mcvav2rh6lrw1gbzzy3-jq-1.7.1-bin"
        }
      }
    },
    "k9s@latest": {
      "last_modified": "2024-09-12T11:58:09Z",
      "resolved": "github:NixOS/nixpkgs/280db3decab4cbeb22a4599bd472229ab74d25e1#k9s",
      "source": "devbox-search",
      "version": "0.32.5",
      "systems": {
        "aarch64-darwin": {
          "outputs": [
            {
              "name": "out",
              "path": "/nix/store/m5bxsscvglr5fw9a19xx0qb37kkq6z80-k9s-0.32.5",
              "default": true
            }
          ],
          "store_path": "/nix/store/m5bxsscvglr5fw9a19xx0qb37kkq6z80-k9s-0.32.5"
        },
        "aarch64-linux": {
          "outputs": [
            {
              "name": "out",
              "path": "/nix/store/z1ikxiyw90iwdmj2g5zasixqgf433519-k9s-0.32.5",
              "default": true
            }
          ],
          "store_path": "/nix/store/z1ikxiyw90iwdmj2g5zasixqgf433519-k9s-0.32.5"
        },
        "x86_64-darwin": {
          "outputs": [
            {
              "name": "out",
              "path": "/nix/store/i6midqzq5vk4sf0218a5f37q9wqisklw-k9s-0.32.5",
              "default": true
            }
          ],
          "store_path": "/nix/store/i6midqzq5vk4sf0218a5f37q9wqisklw-k9s-0.32.5"
        },
        "x86_64-linux": {
          "outputs": [
            {
              "name": "out",
              "path": "/nix/store/c038vflkrhbdbsy99xg1v3wxyq8cji2k-k9s-0.32.5",
              "default": true
            }
          ],
          "store_path": "/nix/store/c038vflkrhbdbsy99xg1v3wxyq8cji2k-k9s-0.32.5"
        }
      }
    },
    "kind@latest": {
      "last_modified": "2024-09-12T11:58:09Z",
      "resolved": "github:NixOS/nixpkgs/280db3decab4cbeb22a4599bd472229ab74d25e1#kind",
      "source": "devbox-search",
      "version": "0.24.0",
      "systems": {
        "aarch64-darwin": {
          "outputs": [
            {
              "name": "out",
              "path": "/nix/store/dh1xf5b09vn8j87kryr88yd47gq9ni8z-kind-0.24.0",
              "default": true
            }
          ],
          "store_path": "/nix/store/dh1xf5b09vn8j87kryr88yd47gq9ni8z-kind-0.24.0"
        },
        "aarch64-linux": {
          "outputs": [
            {
              "name": "out",
              "path": "/nix/store/bjjxkmdvan9agc6sv44rdhxjz9hv1igx-kind-0.24.0",
              "default": true
            }
          ],
          "store_path": "/nix/store/bjjxkmdvan9agc6sv44rdhxjz9hv1igx-kind-0.24.0"
        },
        "x86_64-darwin": {
          "outputs": [
            {
              "name": "out",
              "path": "/nix/store/nx6pfraywj21i01biaczny73p33dlzjr-kind-0.24.0",
              "default": true
            }
          ],
          "store_path": "/nix/store/nx6pfraywj21i01biaczny73p33dlzjr-kind-0.24.0"
        },
        "x86_64-linux": {
          "outputs": [
            {
              "name": "out",
              "path": "/nix/store/l19d666hq7hh64r9l9wpy2lwj0bxfm1a-kind-0.24.0",
              "default": true
            }
          ],
          "store_path": "/nix/store/l19d666hq7hh64r9l9wpy2lwj0bxfm1a-kind-0.24.0"
        }
      }
    },
    "kluctl@latest": {
      "last_modified": "2024-09-12T11:58:09Z",
      "resolved": "github:NixOS/nixpkgs/280db3decab4cbeb22a4599bd472229ab74d25e1#kluctl",
      "source": "devbox-search",
      "version": "2.25.1",
      "systems": {
        "aarch64-darwin": {
          "outputs": [
            {
              "name": "out",
              "path": "/nix/store/7l8iqryjpjqikxcm2fzvk44jha8rgzdf-kluctl-2.25.1",
              "default": true
            }
          ],
          "store_path": "/nix/store/7l8iqryjpjqikxcm2fzvk44jha8rgzdf-kluctl-2.25.1"
        },
        "aarch64-linux": {
          "outputs": [
            {
              "name": "out",
              "path": "/nix/store/m3hv0zhpchbfs09zi3cgpqf5gvvkwjqi-kluctl-2.25.1",
              "default": true
            }
          ],
          "store_path": "/nix/store/m3hv0zhpchbfs09zi3cgpqf5gvvkwjqi-kluctl-2.25.1"
        },
        "x86_64-darwin": {
          "outputs": [
            {
              "name": "out",
              "path": "/nix/store/cihaq3f2jwzac419xvy4j10z01kjc3g2-kluctl-2.25.1",
              "default": true
            }
          ],
          "store_path": "/nix/store/cihaq3f2jwzac419xvy4j10z01kjc3g2-kluctl-2.25.1"
        },
        "x86_64-linux": {
          "outputs": [
            {
              "name": "out",
              "path": "/nix/store/bcv73y8lxbbi324v09v8ycjwwcyb0sfv-kluctl-2.25.1",
              "default": true
            }
          ],
          "store_path": "/nix/store/bcv73y8lxbbi324v09v8ycjwwcyb0sfv-kluctl-2.25.1"
        }
      }
    },
    "ko@latest": {
      "last_modified": "2024-09-12T11:58:09Z",
      "resolved": "github:NixOS/nixpkgs/280db3decab4cbeb22a4599bd472229ab74d25e1#ko",
      "source": "devbox-search",
      "version": "0.15.4",
      "systems": {
        "aarch64-darwin": {
          "outputs": [
            {
              "name": "out",
              "path": "/nix/store/cz1wlmdf1c04j0wc10fi6id7d3g7pa5w-ko-0.15.4",
              "default": true
            }
          ],
          "store_path": "/nix/store/cz1wlmdf1c04j0wc10fi6id7d3g7pa5w-ko-0.15.4"
        },
        "aarch64-linux": {
          "outputs": [
            {
              "name": "out",
              "path": "/nix/store/0csyy71avbjbrjwk04an0fr0iwq3n4xc-ko-0.15.4",
              "default": true
            }
          ],
          "store_path": "/nix/store/0csyy71avbjbrjwk04an0fr0iwq3n4xc-ko-0.15.4"
        },
        "x86_64-darwin": {
          "outputs": [
            {
              "name": "out",
              "path": "/nix/store/mvlja8c6mcqfhhb59jdl5kyg4lkckz98-ko-0.15.4",
              "default": true
            }
          ],
          "store_path": "/nix/store/mvlja8c6mcqfhhb59jdl5kyg4lkckz98-ko-0.15.4"
        },
        "x86_64-linux": {
          "outputs": [
            {
              "name": "out",
              "path": "/nix/store/33jsb1yw71in0lrjk150yhn9b0myawg3-ko-0.15.4",
              "default": true
            }
          ],
          "store_path": "/nix/store/33jsb1yw71in0lrjk150yhn9b0myawg3-ko-0.15.4"
        }
      }
    },
    "kubectl@latest": {
      "last_modified": "2024-09-12T11:58:09Z",
      "resolved": "github:NixOS/nixpkgs/280db3decab4cbeb22a4599bd472229ab74d25e1#kubectl",
      "source": "devbox-search",
      "version": "1.31.0",
      "systems": {
        "aarch64-darwin": {
          "outputs": [
            {
              "name": "out",
              "path": "/nix/store/a3sbf306xajs0af6pcz34pw4pi9mkmj5-kubectl-1.31.0",
              "default": true
            },
            {
              "name": "man",
              "path": "/nix/store/ap867akfi9x10mzsbna51rxfh5wx5av2-kubectl-1.31.0-man",
              "default": true
            },
            {
              "name": "convert",
              "path": "/nix/store/n3g8pl6v8qf08d6z6pjllrb89ysr1zsc-kubectl-1.31.0-convert"
            }
          ],
          "store_path": "/nix/store/a3sbf306xajs0af6pcz34pw4pi9mkmj5-kubectl-1.31.0"
        },
        "aarch64-linux": {
          "outputs": [
            {
              "name": "out",
              "path": "/nix/store/qg9r3qqnjjxqmaq9qqbyh9x12k1vvqhv-kubectl-1.31.0",
              "default": true
            },
            {
              "name": "man",
              "path": "/nix/store/j132aazwv8nylcr4ciddmyhfwy48al5w-kubectl-1.31.0-man",
              "default": true
            },
            {
              "name": "convert",
              "path": "/nix/store/rc505l8rn9sd9g75hkxv1vq8zhr37j4x-kubectl-1.31.0-convert"
            }
          ],
          "store_path": "/nix/store/qg9r3qqnjjxqmaq9qqbyh9x12k1vvqhv-kubectl-1.31.0"
        },
        "x86_64-darwin": {
          "outputs": [
            {
              "name": "out",
              "path": "/nix/store/c5q71r4zbx9jjrdg1bky82q3ak87dsmn-kubectl-1.31.0",
              "default": true
            },
            {
              "name": "man",
              "path": "/nix/store/fqnpf91mg1w1z7glgx42wxgw8k2j4ym0-kubectl-1.31.0-man",
              "default": true
            },
            {
              "name": "convert",
              "path": "/nix/store/arnjlmd1zxdnp76qgk343ybqkjs3d4fb-kubectl-1.31.0-convert"
            }
          ],
          "store_path": "/nix/store/c5q71r4zbx9jjrdg1bky82q3ak87dsmn-kubectl-1.31.0"
        },
        "x86_64-linux": {
          "outputs": [
            {
              "name": "out",
              "path": "/nix/store/2xi1vzmqlbsqg9k3n1m204n56als7lyn-kubectl-1.31.0",
              "default": true
            },
            {
              "name": "man",
              "path": "/nix/store/75y8hkbk46qksfhqbkv5ass7xx3x1xsh-kubectl-1.31.0-man",
              "default": true
            },
            {
              "name": "convert",
              "path": "/nix/store/h9v1hlig44y827ms1cszwld3agdbh47k-kubectl-1.31.0-convert"
            }
          ],
          "store_path": "/nix/store/2xi1vzmqlbsqg9k3n1m204n56als7lyn-kubectl-1.31.0"
        }
      }
    },
    "kubectx@latest": {
      "last_modified": "2024-09-12T11:58:09Z",
      "resolved": "github:NixOS/nixpkgs/280db3decab4cbeb22a4599bd472229ab74d25e1#kubectx",
      "source": "devbox-search",
      "version": "0.9.5",
      "systems": {
        "aarch64-darwin": {
          "outputs": [
            {
              "name": "out",
              "path": "/nix/store/glmi96287py5wv18c7yxcls2068d049v-kubectx-0.9.5",
              "default": true
            }
          ],
          "store_path": "/nix/store/glmi96287py5wv18c7yxcls2068d049v-kubectx-0.9.5"
        },
        "aarch64-linux": {
          "outputs": [
            {
              "name": "out",
              "path": "/nix/store/fsmw7kgxmsnnsvrd11q5a9cl5bvyamwa-kubectx-0.9.5",
              "default": true
            }
          ],
          "store_path": "/nix/store/fsmw7kgxmsnnsvrd11q5a9cl5bvyamwa-kubectx-0.9.5"
        },
        "x86_64-darwin": {
          "outputs": [
            {
              "name": "out",
              "path": "/nix/store/1hg35m9ds447s59q95bhcbzmsz9kwyzx-kubectx-0.9.5",
              "default": true
            }
          ],
          "store_path": "/nix/store/1hg35m9ds447s59q95bhcbzmsz9kwyzx-kubectx-0.9.5"
        },
        "x86_64-linux": {
          "outputs": [
            {
              "name": "out",
              "path": "/nix/store/i6lrj8i39xnnva5rkpb39yzplq9bdk4z-kubectx-0.9.5",
              "default": true
            }
          ],
          "store_path": "/nix/store/i6lrj8i39xnnva5rkpb39yzplq9bdk4z-kubectx-0.9.5"
        }
      }
    },
    "kubernetes-helm@latest": {
      "last_modified": "2024-09-12T11:58:09Z",
      "resolved": "github:NixOS/nixpkgs/280db3decab4cbeb22a4599bd472229ab74d25e1#kubernetes-helm",
      "source": "devbox-search",
      "version": "3.15.4",
      "systems": {
        "aarch64-darwin": {
          "outputs": [
            {
              "name": "out",
              "path": "/nix/store/yxbbxgpql76sabh4ac8gwivy1xiik6ds-kubernetes-helm-3.15.4",
              "default": true
            }
          ],
          "store_path": "/nix/store/yxbbxgpql76sabh4ac8gwivy1xiik6ds-kubernetes-helm-3.15.4"
        },
        "aarch64-linux": {
          "outputs": [
            {
              "name": "out",
              "path": "/nix/store/vdw78nb3gvfvf1zjk18zi4niqqgg60pm-kubernetes-helm-3.15.4",
              "default": true
            }
          ],
          "store_path": "/nix/store/vdw78nb3gvfvf1zjk18zi4niqqgg60pm-kubernetes-helm-3.15.4"
        },
        "x86_64-darwin": {
          "outputs": [
            {
              "name": "out",
              "path": "/nix/store/his95njlm5f7pivvyhmjx55lxsrg7b7v-kubernetes-helm-3.15.4",
              "default": true
            }
          ],
          "store_path": "/nix/store/his95njlm5f7pivvyhmjx55lxsrg7b7v-kubernetes-helm-3.15.4"
        },
        "x86_64-linux": {
          "outputs": [
            {
              "name": "out",
              "path": "/nix/store/x4mb959fwbfpjn1mlq4hhh6cz6h4gvr3-kubernetes-helm-3.15.4",
              "default": true
            }
          ],
          "store_path": "/nix/store/x4mb959fwbfpjn1mlq4hhh6cz6h4gvr3-kubernetes-helm-3.15.4"
        }
      }
    },
    "kustomize@latest": {
      "last_modified": "2024-09-12T11:58:09Z",
      "resolved": "github:NixOS/nixpkgs/280db3decab4cbeb22a4599bd472229ab74d25e1#kustomize",
      "source": "devbox-search",
      "version": "5.4.3",
      "systems": {
        "aarch64-darwin": {
          "outputs": [
            {
              "name": "out",
              "path": "/nix/store/cj6162hcll6jw4lp0cvlh78jlwb42kvc-kustomize-5.4.3",
              "default": true
            }
          ],
          "store_path": "/nix/store/cj6162hcll6jw4lp0cvlh78jlwb42kvc-kustomize-5.4.3"
        },
        "aarch64-linux": {
          "outputs": [
            {
              "name": "out",
              "path": "/nix/store/bfz8np8k8l4xn6qq4qacwcqgmnx57vy7-kustomize-5.4.3",
              "default": true
            }
          ],
          "store_path": "/nix/store/bfz8np8k8l4xn6qq4qacwcqgmnx57vy7-kustomize-5.4.3"
        },
        "x86_64-darwin": {
          "outputs": [
            {
              "name": "out",
              "path": "/nix/store/fklmq6hmq8fq5ggxk59yrqhqrjkpb5nn-kustomize-5.4.3",
              "default": true
            }
          ],
          "store_path": "/nix/store/fklmq6hmq8fq5ggxk59yrqhqrjkpb5nn-kustomize-5.4.3"
        },
        "x86_64-linux": {
          "outputs": [
            {
              "name": "out",
              "path": "/nix/store/1xp4g0r29lkd2c8f3qmhw3flv873z20q-kustomize-5.4.3",
              "default": true
            }
          ],
          "store_path": "/nix/store/1xp4g0r29lkd2c8f3qmhw3flv873z20q-kustomize-5.4.3"
        }
      }
    },
    "python@3.10.12": {
      "last_modified": "2023-10-06T07:35:11Z",
      "plugin_version": "0.0.4",
      "resolved": "github:NixOS/nixpkgs/a2eb207f45e4a14a1e3019d9e3863d1e208e2295#python3",
      "source": "devbox-search",
      "version": "3.10.12",
      "systems": {
        "aarch64-darwin": {
          "outputs": [
            {
              "name": "out",
              "path": "/nix/store/g5cm6iik6p4k39cj9k7a6sg2p09hl7wf-python3-3.10.12",
              "default": true
            }
          ],
          "store_path": "/nix/store/g5cm6iik6p4k39cj9k7a6sg2p09hl7wf-python3-3.10.12"
        },
        "aarch64-linux": {
          "outputs": [
            {
              "name": "out",
              "path": "/nix/store/idpjrasbr9n8kij11s5mphrw770sf13s-python3-3.10.12",
              "default": true
            },
            {
              "name": "debug",
              "path": "/nix/store/pyjbwvs0337a1vmaja722057panznrml-python3-3.10.12-debug"
            }
          ],
          "store_path": "/nix/store/idpjrasbr9n8kij11s5mphrw770sf13s-python3-3.10.12"
        },
        "x86_64-darwin": {
          "outputs": [
            {
              "name": "out",
              "path": "/nix/store/aa3nnkfyif67k6861vd77g4cm4rgbqh8-python3-3.10.12",
              "default": true
            }
          ],
          "store_path": "/nix/store/aa3nnkfyif67k6861vd77g4cm4rgbqh8-python3-3.10.12"
        },
        "x86_64-linux": {
          "outputs": [
            {
              "name": "out",
              "path": "/nix/store/pzf6dnxg8gf04xazzjdwarm7s03cbrgz-python3-3.10.12",
              "default": true
            },
            {
              "name": "debug",
              "path": "/nix/store/v822zrmrbxk0xfv34m1d8px22w4jvn05-python3-3.10.12-debug"
            }
          ],
          "store_path": "/nix/store/pzf6dnxg8gf04xazzjdwarm7s03cbrgz-python3-3.10.12"
        }
      }
    },
    "tektoncd-cli@latest": {
      "last_modified": "2024-09-12T11:58:09Z",
      "resolved": "github:NixOS/nixpkgs/280db3decab4cbeb22a4599bd472229ab74d25e1#tektoncd-cli",
      "source": "devbox-search",
      "version": "0.38.0",
      "systems": {
        "aarch64-darwin": {
          "outputs": [
            {
              "name": "out",
              "path": "/nix/store/z9ych7s5p1pl4y19zhji0ncc3qk4gwzx-tektoncd-cli-0.38.0",
              "default": true
            }
          ],
          "store_path": "/nix/store/z9ych7s5p1pl4y19zhji0ncc3qk4gwzx-tektoncd-cli-0.38.0"
        },
        "aarch64-linux": {
          "outputs": [
            {
              "name": "out",
              "path": "/nix/store/bd52byg5iycyxc58n6s2s32228yzsgkj-tektoncd-cli-0.38.0",
              "default": true
            }
          ],
          "store_path": "/nix/store/bd52byg5iycyxc58n6s2s32228yzsgkj-tektoncd-cli-0.38.0"
        },
        "x86_64-darwin": {
          "outputs": [
            {
              "name": "out",
              "path": "/nix/store/a9imsiz7lblycblcf0n03nkc7pp3p5yd-tektoncd-cli-0.38.0",
              "default": true
            }
          ],
          "store_path": "/nix/store/a9imsiz7lblycblcf0n03nkc7pp3p5yd-tektoncd-cli-0.38.0"
        },
        "x86_64-linux": {
          "outputs": [
            {
              "name": "out",
              "path": "/nix/store/rc4yfwslam7bl0s1cvxwyd6qhvly33gh-tektoncd-cli-0.38.0",
              "default": true
            }
          ],
          "store_path": "/nix/store/rc4yfwslam7bl0s1cvxwyd6qhvly33gh-tektoncd-cli-0.38.0"
        }
      }
    },
    "yq-go@latest": {
      "last_modified": "2024-09-12T11:58:09Z",
      "resolved": "github:NixOS/nixpkgs/280db3decab4cbeb22a4599bd472229ab74d25e1#yq-go",
      "source": "devbox-search",
      "version": "4.44.3",
      "systems": {
        "aarch64-darwin": {
          "outputs": [
            {
              "name": "out",
              "path": "/nix/store/l4yd5ml8bq3k7kgx09v11q735ifafc2z-yq-go-4.44.3",
              "default": true
            }
          ],
          "store_path": "/nix/store/l4yd5ml8bq3k7kgx09v11q735ifafc2z-yq-go-4.44.3"
        },
        "aarch64-linux": {
          "outputs": [
            {
              "name": "out",
              "path": "/nix/store/v560a3n62j1vxmcajhmjm0m3g706gj1r-yq-go-4.44.3",
              "default": true
            }
          ],
          "store_path": "/nix/store/v560a3n62j1vxmcajhmjm0m3g706gj1r-yq-go-4.44.3"
        },
        "x86_64-darwin": {
          "outputs": [
            {
              "name": "out",
              "path": "/nix/store/51y79dql9azy10mr82dbvp30y29lp3pn-yq-go-4.44.3",
              "default": true
            }
          ],
          "store_path": "/nix/store/51y79dql9azy10mr82dbvp30y29lp3pn-yq-go-4.44.3"
        },
        "x86_64-linux": {
          "outputs": [
            {
              "name": "out",
              "path": "/nix/store/3c1gvwg7nkvwvidnvng8fj31pprkhhva-yq-go-4.44.3",
              "default": true
            }
          ],
          "store_path": "/nix/store/3c1gvwg7nkvwvidnvng8fj31pprkhhva-yq-go-4.44.3"
        }
      }
    }
  }
}
